
Microsoft Visual Studio Solution File, Format Version 12.00
# Visual Studio 15
VisualStudioVersion = 15.0.28307.572
MinimumVisualStudioVersion = 10.0.40219.1
Project("{FAE04EC0-301F-11D3-BF4B-00C04F79EFBC}") = "JVSLib", "JVSLib\JVSLib.csproj", "{5CD2A6AD-8FDF-480F-9F3F-71DB822F80B1}"
EndProject
Project("{FAE04EC0-301F-11D3-BF4B-00C04F79EFBC}") = "JVSLib_KB", "JVSLib_KB\JVSLib_KB.csproj", "{F2C39277-C4A3-4193-8D3C-48BAB5FC6F8E}"
EndProject
Project("{FAE04EC0-301F-11D3-BF4B-00C04F79EFBC}") = "JVSLib_ViGEmBus", "JVSLib_ViGEmBus\JVSLib_ViGEmBus\JVSLib_ViGEmBus.csproj", "{9BCD7F51-234A-4F2F-9924-79F05C8F4682}"
EndProject
Project("{FAE04EC0-301F-11D3-BF4B-00C04F79EFBC}") = "JVSLib_BG4FFB", "JVSLib_BG4FFB\JVSLib_BG4FFB.csproj", "{1514D8D3-5B28-4F12-A9D5-354240667463}"
EndProject
Project("{FAE04EC0-301F-11D3-BF4B-00C04F79EFBC}") = "JVSLib_BG4FFB_Test", "JVSLib_BG4FFB_Test\JVSLib_BG4FFB_Test.csproj", "{C856FA7A-54FC-4CBD-A9F9-8F5ECFC18934}"
EndProject
Global
	GlobalSection(SolutionConfigurationPlatforms) = preSolution
		Debug|Any CPU = Debug|Any CPU
		Release|Any CPU = Release|Any CPU
	EndGlobalSection
	GlobalSection(ProjectConfigurationPlatforms) = postSolution
		{5CD2A6AD-8FDF-480F-9F3F-71DB822F80B1}.Debug|Any CPU.ActiveCfg = Debug|Any CPU
		{5CD2A6AD-8FDF-480F-9F3F-71DB822F80B1}.Debug|Any CPU.Build.0 = Debug|Any CPU
		{5CD2A6AD-8FDF-480F-9F3F-71DB822F80B1}.Release|Any CPU.ActiveCfg = Release|Any CPU
		{5CD2A6AD-8FDF-480F-9F3F-71DB822F80B1}.Release|Any CPU.Build.0 = Release|Any CPU
		{F2C39277-C4A3-4193-8D3C-48BAB5FC6F8E}.Debug|Any CPU.ActiveCfg = Debug|Any CPU
		{F2C39277-C4A3-4193-8D3C-48BAB5FC6F8E}.Debug|Any CPU.Build.0 = Debug|Any CPU
		{F2C39277-C4A3-4193-8D3C-48BAB5FC6F8E}.Release|Any CPU.ActiveCfg = Release|Any CPU
		{F2C39277-C4A3-4193-8D3C-48BAB5FC6F8E}.Release|Any CPU.Build.0 = Release|Any CPU
		{9BCD7F51-234A-4F2F-9924-79F05C8F4682}.Debug|Any CPU.ActiveCfg = Debug|Any CPU
		{9BCD7F51-234A-4F2F-9924-79F05C8F4682}.Debug|Any CPU.Build.0 = Debug|Any CPU
		{9BCD7F51-234A-4F2F-9924-79F05C8F4682}.Release|Any CPU.ActiveCfg = Release|Any CPU
		{9BCD7F51-234A-4F2F-9924-79F05C8F4682}.Release|Any CPU.Build.0 = Release|Any CPU
		{1514D8D3-5B28-4F12-A9D5-354240667463}.Debug|Any CPU.ActiveCfg = Debug|Any CPU
		{1514D8D3-5B28-4F12-A9D5-354240667463}.Debug|Any CPU.Build.0 = Debug|Any CPU
		{1514D8D3-5B28-4F12-A9D5-354240667463}.Release|Any CPU.ActiveCfg = Release|Any CPU
		{1514D8D3-5B28-4F12-A9D5-354240667463}.Release|Any CPU.Build.0 = Release|Any CPU
		{C856FA7A-54FC-4CBD-A9F9-8F5ECFC18934}.Debug|Any CPU.ActiveCfg = Debug|Any CPU
		{C856FA7A-54FC-4CBD-A9F9-8F5ECFC18934}.Debug|Any CPU.Build.0 = Debug|Any CPU
		{C856FA7A-54FC-4CBD-A9F9-8F5ECFC18934}.Release|Any CPU.ActiveCfg = Release|Any CPU
		{C856FA7A-54FC-4CBD-A9F9-8F5ECFC18934}.Release|Any CPU.Build.0 = Release|Any CPU
	EndGlobalSection
	GlobalSection(SolutionProperties) = preSolution
		HideSolutionNode = FALSE
	EndGlobalSection
	GlobalSection(ExtensibilityGlobals) = postSolution
		SolutionGuid = {52335496-CE6C-4EA1-8E5F-DF44D55FD75B}
	EndGlobalSection
EndGlobal
